
Microsoft Visual Studio Solution File, Format Version 12.00
# Visual Studio Version 16
VisualStudioVersion = 16.0.32929.386
MinimumVisualStudioVersion = 10.0.40219.1
Project("{FAE04EC0-301F-11D3-BF4B-00C04F79EFBC}") = "Task1", "Task1\Task1.csproj", "{DF32E278-D773-4974-B8A0-5B51A475709C}"
EndProject
Project("{FAE04EC0-301F-11D3-BF4B-00C04F79EFBC}") = "Task2", "Task2\Task2.csproj", "{DBCCEA10-3EBA-4424-9A34-58D8F78AF3B1}"
EndProject
Global
	GlobalSection(SolutionConfigurationPlatforms) = preSolution
		Debug|Any CPU = Debug|Any CPU
		Release|Any CPU = Release|Any CPU
	EndGlobalSection
	GlobalSection(ProjectConfigurationPlatforms) = postSolution
		{DF32E278-D773-4974-B8A0-5B51A475709C}.Debug|Any CPU.ActiveCfg = Debug|Any CPU
		{DF32E278-D773-4974-B8A0-5B51A475709C}.Debug|Any CPU.Build.0 = Debug|Any CPU
		{DF32E278-D773-4974-B8A0-5B51A475709C}.Release|Any CPU.ActiveCfg = Release|Any CPU
		{DF32E278-D773-4974-B8A0-5B51A475709C}.Release|Any CPU.Build.0 = Release|Any CPU
		{DBCCEA10-3EBA-4424-9A34-58D8F78AF3B1}.Debug|Any CPU.ActiveCfg = Debug|Any CPU
		{DBCCEA10-3EBA-4424-9A34-58D8F78AF3B1}.Debug|Any CPU.Build.0 = Debug|Any CPU
		{DBCCEA10-3EBA-4424-9A34-58D8F78AF3B1}.Release|Any CPU.ActiveCfg = Release|Any CPU
		{DBCCEA10-3EBA-4424-9A34-58D8F78AF3B1}.Release|Any CPU.Build.0 = Release|Any CPU
	EndGlobalSection
	GlobalSection(SolutionProperties) = preSolution
		HideSolutionNode = FALSE
	EndGlobalSection
	GlobalSection(ExtensibilityGlobals) = postSolution
		SolutionGuid = {EEE5C2F1-2205-4A8F-882F-3C827269DDE4}
	EndGlobalSection
EndGlobal
